// !$*UTF8*$!
{
	archiveVersion = 1;
	classes = {
	};
	objectVersion = 70;
	objects = {

/* Begin PBXBuildFile section */
		1185DADA2C93A75C004616D5 /* FirebaseAnalytics in Frameworks */ = {isa = PBXBuildFile; productRef = 1185DAD92C93A75C004616D5 /* FirebaseAnalytics */; };
		1185DADC2C93A75C004616D5 /* FirebaseAnalyticsOnDeviceConversion in Frameworks */ = {isa = PBXBuildFile; productRef = 1185DADB2C93A75C004616D5 /* FirebaseAnalyticsOnDeviceConversion */; };
		1185DADE2C93A75C004616D5 /* FirebaseAnalyticsWithoutAdIdSupport in Frameworks */ = {isa = PBXBuildFile; productRef = 1185DADD2C93A75C004616D5 /* FirebaseAnalyticsWithoutAdIdSupport */; };
		1185DAE02C93A75C004616D5 /* FirebaseAppCheck in Frameworks */ = {isa = PBXBuildFile; productRef = 1185DADF2C93A75C004616D5 /* FirebaseAppCheck */; };
		1185DAE22C93A75C004616D5 /* FirebaseAppDistribution-Beta in Frameworks */ = {isa = PBXBuildFile; productRef = 1185DAE12C93A75C004616D5 /* FirebaseAppDistribution-Beta */; };
		1185DAE42C93A75C004616D5 /* FirebaseAuth in Frameworks */ = {isa = PBXBuildFile; productRef = 1185DAE32C93A75C004616D5 /* FirebaseAuth */; };
		1185DAE62C93A75C004616D5 /* FirebaseAuthCombine-Community in Frameworks */ = {isa = PBXBuildFile; productRef = 1185DAE52C93A75C004616D5 /* FirebaseAuthCombine-Community */; };
		1185DAE82C93A75C004616D5 /* FirebaseCrashlytics in Frameworks */ = {isa = PBXBuildFile; productRef = 1185DAE72C93A75C004616D5 /* FirebaseCrashlytics */; };
		1185DAEA2C93A75C004616D5 /* FirebaseDatabase in Frameworks */ = {isa = PBXBuildFile; productRef = 1185DAE92C93A75C004616D5 /* FirebaseDatabase */; };
		1185DAEC2C93A75C004616D5 /* FirebaseDynamicLinks in Frameworks */ = {isa = PBXBuildFile; productRef = 1185DAEB2C93A75C004616D5 /* FirebaseDynamicLinks */; };
		1185DAEE2C93A75C004616D5 /* FirebaseFirestore in Frameworks */ = {isa = PBXBuildFile; productRef = 1185DAED2C93A75C004616D5 /* FirebaseFirestore */; };
		1185DAF02C93A75C004616D5 /* FirebaseFirestoreCombine-Community in Frameworks */ = {isa = PBXBuildFile; productRef = 1185DAEF2C93A75C004616D5 /* FirebaseFirestoreCombine-Community */; };
		1185DAF22C93A75C004616D5 /* FirebaseFunctions in Frameworks */ = {isa = PBXBuildFile; productRef = 1185DAF12C93A75C004616D5 /* FirebaseFunctions */; };
		1185DAF42C93A75C004616D5 /* FirebaseFunctionsCombine-Community in Frameworks */ = {isa = PBXBuildFile; productRef = 1185DAF32C93A75C004616D5 /* FirebaseFunctionsCombine-Community */; };
		1185DAF62C93A75C004616D5 /* FirebaseInAppMessaging-Beta in Frameworks */ = {isa = PBXBuildFile; productRef = 1185DAF52C93A75C004616D5 /* FirebaseInAppMessaging-Beta */; };
		1185DAF82C93A75C004616D5 /* FirebaseInstallations in Frameworks */ = {isa = PBXBuildFile; productRef = 1185DAF72C93A75C004616D5 /* FirebaseInstallations */; };
		1185DAFA2C93A75C004616D5 /* FirebaseMLModelDownloader in Frameworks */ = {isa = PBXBuildFile; productRef = 1185DAF92C93A75C004616D5 /* FirebaseMLModelDownloader */; };
		1185DAFC2C93A75C004616D5 /* FirebaseMessaging in Frameworks */ = {isa = PBXBuildFile; productRef = 1185DAFB2C93A75C004616D5 /* FirebaseMessaging */; };
		1185DAFE2C93A75C004616D5 /* FirebasePerformance in Frameworks */ = {isa = PBXBuildFile; productRef = 1185DAFD2C93A75C004616D5 /* FirebasePerformance */; };
		1185DB002C93A75C004616D5 /* FirebaseRemoteConfig in Frameworks */ = {isa = PBXBuildFile; productRef = 1185DAFF2C93A75C004616D5 /* FirebaseRemoteConfig */; };
		1185DB022C93A75C004616D5 /* FirebaseStorage in Frameworks */ = {isa = PBXBuildFile; productRef = 1185DB012C93A75C004616D5 /* FirebaseStorage */; };
		1185DB042C93A75C004616D5 /* FirebaseStorageCombine-Community in Frameworks */ = {isa = PBXBuildFile; productRef = 1185DB032C93A75C004616D5 /* FirebaseStorageCombine-Community */; };
		1185DB062C93A75C004616D5 /* FirebaseVertexAI-Preview in Frameworks */ = {isa = PBXBuildFile; productRef = 1185DB052C93A75C004616D5 /* FirebaseVertexAI-Preview */; };
		1185DB0A2C93A7CC004616D5 /* SDWebImageSwiftUI in Frameworks */ = {isa = PBXBuildFile; productRef = 1185DB092C93A7CC004616D5 /* SDWebImageSwiftUI */; };
		1185DB0C2C93AA92004616D5 /* GoogleService-Info.plist in Resources */ = {isa = PBXBuildFile; fileRef = 1185DB0B2C93AA91004616D5 /* GoogleService-Info.plist */; };
		11C813C72DB57544005477FC /* SwiftSoup in Frameworks */ = {isa = PBXBuildFile; productRef = 11C813C62DB57544005477FC /* SwiftSoup */; };
		11C813DF2DB59A3A005477FC /* TMI_App_ Development_Breakdown.md in Resources */ = {isa = PBXBuildFile; fileRef = 11C813DE2DB59A3A005477FC /* TMI_App_ Development_Breakdown.md */; };
		11C813E12DB59A6D005477FC /* Apple’s Official UI_UX Design Guidelines for iOS and macOS.md in Resources */ = {isa = PBXBuildFile; fileRef = 11C813E02DB59A6D005477FC /* Apple’s Official UI_UX Design Guidelines for iOS and macOS.md */; };
		11E7D12A2C93A2B70021AC20 /* Assets.xcassets in Resources */ = {isa = PBXBuildFile; fileRef = 11E7D1292C93A2B70021AC20 /* Assets.xcassets */; };
/* End PBXBuildFile section */

/* Begin PBXFileReference section */
		1185DB0B2C93AA91004616D5 /* GoogleService-Info.plist */ = {isa = PBXFileReference; fileEncoding = 4; lastKnownFileType = text.plist.xml; path = "GoogleService-Info.plist"; sourceTree = "<group>"; };
		11C813DE2DB59A3A005477FC /* TMI_App_ Development_Breakdown.md */ = {isa = PBXFileReference; lastKnownFileType = net.daringfireball.markdown; path = "TMI_App_ Development_Breakdown.md"; sourceTree = "<group>"; };
		11C813E02DB59A6D005477FC /* Apple’s Official UI_UX Design Guidelines for iOS and macOS.md */ = {isa = PBXFileReference; lastKnownFileType = net.daringfireball.markdown; path = "Apple’s Official UI_UX Design Guidelines for iOS and macOS.md"; sourceTree = "<group>"; };
		11E7D1222C93A2B60021AC20 /* TMI.app */ = {isa = PBXFileReference; explicitFileType = wrapper.application; includeInIndex = 0; path = TMI.app; sourceTree = BUILT_PRODUCTS_DIR; };
		11E7D1292C93A2B70021AC20 /* Assets.xcassets */ = {isa = PBXFileReference; lastKnownFileType = folder.assetcatalog; path = Assets.xcassets; sourceTree = "<group>"; };
/* End PBXFileReference section */

/* Begin PBXFileSystemSynchronizedRootGroup section */
		11C816A22DB5F5AC005477FC /* TMI */ = {isa = PBXFileSystemSynchronizedRootGroup; explicitFileTypes = {}; explicitFolders = (); path = TMI; sourceTree = "<group>"; };
/* End PBXFileSystemSynchronizedRootGroup section */

/* Begin PBXFrameworksBuildPhase section */
		11E7D11F2C93A2B60021AC20 /* Frameworks */ = {
			isa = PBXFrameworksBuildPhase;
			buildActionMask = 2147483647;
			files = (
				1185DB042C93A75C004616D5 /* FirebaseStorageCombine-Community in Frameworks */,
				1185DAFC2C93A75C004616D5 /* FirebaseMessaging in Frameworks */,
				1185DAFA2C93A75C004616D5 /* FirebaseMLModelDownloader in Frameworks */,
				1185DAE02C93A75C004616D5 /* FirebaseAppCheck in Frameworks */,
				1185DAE42C93A75C004616D5 /* FirebaseAuth in Frameworks */,
				1185DADA2C93A75C004616D5 /* FirebaseAnalytics in Frameworks */,
				1185DAE22C93A75C004616D5 /* FirebaseAppDistribution-Beta in Frameworks */,
				1185DADE2C93A75C004616D5 /* FirebaseAnalyticsWithoutAdIdSupport in Frameworks */,
				1185DAE82C93A75C004616D5 /* FirebaseCrashlytics in Frameworks */,
				11C813C72DB57544005477FC /* SwiftSoup in Frameworks */,
				1185DAEA2C93A75C004616D5 /* FirebaseDatabase in Frameworks */,
				1185DAF42C93A75C004616D5 /* FirebaseFunctionsCombine-Community in Frameworks */,
				1185DAE62C93A75C004616D5 /* FirebaseAuthCombine-Community in Frameworks */,
				1185DB0A2C93A7CC004616D5 /* SDWebImageSwiftUI in Frameworks */,
				1185DB022C93A75C004616D5 /* FirebaseStorage in Frameworks */,
				1185DADC2C93A75C004616D5 /* FirebaseAnalyticsOnDeviceConversion in Frameworks */,
				1185DAF22C93A75C004616D5 /* FirebaseFunctions in Frameworks */,
				1185DAF82C93A75C004616D5 /* FirebaseInstallations in Frameworks */,
				1185DAFE2C93A75C004616D5 /* FirebasePerformance in Frameworks */,
				1185DAF02C93A75C004616D5 /* FirebaseFirestoreCombine-Community in Frameworks */,
				1185DAEE2C93A75C004616D5 /* FirebaseFirestore in Frameworks */,
				1185DAEC2C93A75C004616D5 /* FirebaseDynamicLinks in Frameworks */,
				1185DAF62C93A75C004616D5 /* FirebaseInAppMessaging-Beta in Frameworks */,
				1185DB062C93A75C004616D5 /* FirebaseVertexAI-Preview in Frameworks */,
				1185DB002C93A75C004616D5 /* FirebaseRemoteConfig in Frameworks */,
			);
			runOnlyForDeploymentPostprocessing = 0;
		};
/* End PBXFrameworksBuildPhase section */

/* Begin PBXGroup section */
		11E7D1192C93A2B60021AC20 = {
			isa = PBXGroup;
			children = (
				11C813E02DB59A6D005477FC /* Apple’s Official UI_UX Design Guidelines for iOS and macOS.md */,
				11C813DE2DB59A3A005477FC /* TMI_App_ Development_Breakdown.md */,
				11C816A22DB5F5AC005477FC /* TMI */,
				1185DB0B2C93AA91004616D5 /* GoogleService-Info.plist */,
				11E7D1292C93A2B70021AC20 /* Assets.xcassets */,
				11E7D1232C93A2B60021AC20 /* Products */,
			);
			sourceTree = "<group>";
		};
		11E7D1232C93A2B60021AC20 /* Products */ = {
			isa = PBXGroup;
			children = (
				11E7D1222C93A2B60021AC20 /* TMI.app */,
			);
			name = Products;
			sourceTree = "<group>";
		};
/* End PBXGroup section */

/* Begin PBXNativeTarget section */
		11E7D1212C93A2B60021AC20 /* TMI */ = {
			isa = PBXNativeTarget;
			buildConfigurationList = 11E7D1302C93A2B70021AC20 /* Build configuration list for PBXNativeTarget "TMI" */;
			buildPhases = (
				11E7D11E2C93A2B60021AC20 /* Sources */,
				11E7D11F2C93A2B60021AC20 /* Frameworks */,
				11E7D1202C93A2B60021AC20 /* Resources */,
			);
			buildRules = (
			);
			dependencies = (
			);
			fileSystemSynchronizedGroups = (
				11C816A22DB5F5AC005477FC /* TMI */,
			);
			name = TMI;
			packageProductDependencies = (
				1185DAD92C93A75C004616D5 /* FirebaseAnalytics */,
				1185DADB2C93A75C004616D5 /* FirebaseAnalyticsOnDeviceConversion */,
				1185DADD2C93A75C004616D5 /* FirebaseAnalyticsWithoutAdIdSupport */,
				1185DADF2C93A75C004616D5 /* FirebaseAppCheck */,
				1185DAE12C93A75C004616D5 /* FirebaseAppDistribution-Beta */,
				1185DAE32C93A75C004616D5 /* FirebaseAuth */,
				1185DAE52C93A75C004616D5 /* FirebaseAuthCombine-Community */,
				1185DAE72C93A75C004616D5 /* FirebaseCrashlytics */,
				1185DAE92C93A75C004616D5 /* FirebaseDatabase */,
				1185DAEB2C93A75C004616D5 /* FirebaseDynamicLinks */,
				1185DAED2C93A75C004616D5 /* FirebaseFirestore */,
				1185DAEF2C93A75C004616D5 /* FirebaseFirestoreCombine-Community */,
				1185DAF12C93A75C004616D5 /* FirebaseFunctions */,
				1185DAF32C93A75C004616D5 /* FirebaseFunctionsCombine-Community */,
				1185DAF52C93A75C004616D5 /* FirebaseInAppMessaging-Beta */,
				1185DAF72C93A75C004616D5 /* FirebaseInstallations */,
				1185DAF92C93A75C004616D5 /* FirebaseMLModelDownloader */,
				1185DAFB2C93A75C004616D5 /* FirebaseMessaging */,
				1185DAFD2C93A75C004616D5 /* FirebasePerformance */,
				1185DAFF2C93A75C004616D5 /* FirebaseRemoteConfig */,
				1185DB012C93A75C004616D5 /* FirebaseStorage */,
				1185DB032C93A75C004616D5 /* FirebaseStorageCombine-Community */,
				1185DB052C93A75C004616D5 /* FirebaseVertexAI-Preview */,
				1185DB092C93A7CC004616D5 /* SDWebImageSwiftUI */,
				11C813C62DB57544005477FC /* SwiftSoup */,
			);
			productName = TMI;
			productReference = 11E7D1222C93A2B60021AC20 /* TMI.app */;
			productType = "com.apple.product-type.application";
		};
/* End PBXNativeTarget section */

/* Begin PBXProject section */
		11E7D11A2C93A2B60021AC20 /* Project object */ = {
			isa = PBXProject;
			attributes = {
				BuildIndependentTargetsInParallel = 1;
				LastSwiftUpdateCheck = 1540;
				LastUpgradeCheck = 1540;
				TargetAttributes = {
					11E7D1212C93A2B60021AC20 = {
						CreatedOnToolsVersion = 15.4;
					};
				};
			};
			buildConfigurationList = 11E7D11D2C93A2B60021AC20 /* Build configuration list for PBXProject "TMI" */;
			compatibilityVersion = "Xcode 14.0";
			developmentRegion = en;
			hasScannedForEncodings = 0;
			knownRegions = (
				en,
				Base,
			);
			mainGroup = 11E7D1192C93A2B60021AC20;
			packageReferences = (
				1185DAD82C93A75C004616D5 /* XCRemoteSwiftPackageReference "firebase-ios-sdk" */,
				1185DB082C93A7CC004616D5 /* XCRemoteSwiftPackageReference "SDWebImageSwiftUI" */,
				11C813C52DB57544005477FC /* XCRemoteSwiftPackageReference "SwiftSoup" */,
			);
			productRefGroup = 11E7D1232C93A2B60021AC20 /* Products */;
			projectDirPath = "";
			projectRoot = "";
			targets = (
				11E7D1212C93A2B60021AC20 /* TMI */,
			);
		};
/* End PBXProject section */

/* Begin PBXResourcesBuildPhase section */
		11E7D1202C93A2B60021AC20 /* Resources */ = {
			isa = PBXResourcesBuildPhase;
			buildActionMask = 2147483647;
			files = (
				11C813E12DB59A6D005477FC /* Apple’s Official UI_UX Design Guidelines for iOS and macOS.md in Resources */,
				11C813DF2DB59A3A005477FC /* TMI_App_ Development_Breakdown.md in Resources */,
				11E7D12A2C93A2B70021AC20 /* Assets.xcassets in Resources */,
				1185DB0C2C93AA92004616D5 /* GoogleService-Info.plist in Resources */,
			);
			runOnlyForDeploymentPostprocessing = 0;
		};
/* End PBXResourcesBuildPhase section */

/* Begin PBXSourcesBuildPhase section */
		11E7D11E2C93A2B60021AC20 /* Sources */ = {
			isa = PBXSourcesBuildPhase;
			buildActionMask = 2147483647;
			files = (
			);
			runOnlyForDeploymentPostprocessing = 0;
		};
/* End PBXSourcesBuildPhase section */

/* Begin XCBuildConfiguration section */
		11E7D12E2C93A2B70021AC20 /* Debug */ = {
			isa = XCBuildConfiguration;
			buildSettings = {
				ALWAYS_SEARCH_USER_PATHS = NO;
				ASSETCATALOG_COMPILER_GENERATE_SWIFT_ASSET_SYMBOL_EXTENSIONS = YES;
				CLANG_ANALYZER_NONNULL = YES;
				CLANG_ANALYZER_NUMBER_OBJECT_CONVERSION = YES_AGGRESSIVE;
				CLANG_CXX_LANGUAGE_STANDARD = "gnu++20";
				CLANG_ENABLE_MODULES = YES;
				CLANG_ENABLE_OBJC_ARC = YES;
				CLANG_ENABLE_OBJC_WEAK = YES;
				CLANG_WARN_BLOCK_CAPTURE_AUTORELEASING = YES;
				CLANG_WARN_BOOL_CONVERSION = YES;
				CLANG_WARN_COMMA = YES;
				CLANG_WARN_CONSTANT_CONVERSION = YES;
				CLANG_WARN_DEPRECATED_OBJC_IMPLEMENTATIONS = YES;
				CLANG_WARN_DIRECT_OBJC_ISA_USAGE = YES_ERROR;
				CLANG_WARN_DOCUMENTATION_COMMENTS = YES;
				CLANG_WARN_EMPTY_BODY = YES;
				CLANG_WARN_ENUM_CONVERSION = YES;
				CLANG_WARN_INFINITE_RECURSION = YES;
				CLANG_WARN_INT_CONVERSION = YES;
				CLANG_WARN_NON_LITERAL_NULL_CONVERSION = YES;
				CLANG_WARN_OBJC_IMPLICIT_RETAIN_SELF = YES;
				CLANG_WARN_OBJC_LITERAL_CONVERSION = YES;
				CLANG_WARN_OBJC_ROOT_CLASS = YES_ERROR;
				CLANG_WARN_QUOTED_INCLUDE_IN_FRAMEWORK_HEADER = YES;
				CLANG_WARN_RANGE_LOOP_ANALYSIS = YES;
				CLANG_WARN_STRICT_PROTOTYPES = YES;
				CLANG_WARN_SUSPICIOUS_MOVE = YES;
				CLANG_WARN_UNGUARDED_AVAILABILITY = YES_AGGRESSIVE;
				CLANG_WARN_UNREACHABLE_CODE = YES;
				CLANG_WARN__DUPLICATE_METHOD_MATCH = YES;
				COPY_PHASE_STRIP = NO;
				DEBUG_INFORMATION_FORMAT = dwarf;
				ENABLE_STRICT_OBJC_MSGSEND = YES;
				ENABLE_TESTABILITY = YES;
				ENABLE_USER_SCRIPT_SANDBOXING = YES;
				GCC_C_LANGUAGE_STANDARD = gnu17;
				GCC_DYNAMIC_NO_PIC = NO;
				GCC_NO_COMMON_BLOCKS = YES;
				GCC_OPTIMIZATION_LEVEL = 0;
				GCC_PREPROCESSOR_DEFINITIONS = (
					"DEBUG=1",
					"$(inherited)",
				);
				GCC_WARN_64_TO_32_BIT_CONVERSION = YES;
				GCC_WARN_ABOUT_RETURN_TYPE = YES_ERROR;
				GCC_WARN_UNDECLARED_SELECTOR = YES;
				GCC_WARN_UNINITIALIZED_AUTOS = YES_AGGRESSIVE;
				GCC_WARN_UNUSED_FUNCTION = YES;
				GCC_WARN_UNUSED_VARIABLE = YES;
				IPHONEOS_DEPLOYMENT_TARGET = 17.5;
				LOCALIZATION_PREFERS_STRING_CATALOGS = YES;
				MTL_ENABLE_DEBUG_INFO = INCLUDE_SOURCE;
				MTL_FAST_MATH = YES;
				ONLY_ACTIVE_ARCH = YES;
				SDKROOT = iphoneos;
				SWIFT_ACTIVE_COMPILATION_CONDITIONS = "DEBUG $(inherited)";
				SWIFT_OPTIMIZATION_LEVEL = "-Onone";
			};
			name = Debug;
		};
		11E7D12F2C93A2B70021AC20 /* Release */ = {
			isa = XCBuildConfiguration;
			buildSettings = {
				ALWAYS_SEARCH_USER_PATHS = NO;
				ASSETCATALOG_COMPILER_GENERATE_SWIFT_ASSET_SYMBOL_EXTENSIONS = YES;
				CLANG_ANALYZER_NONNULL = YES;
				CLANG_ANALYZER_NUMBER_OBJECT_CONVERSION = YES_AGGRESSIVE;
				CLANG_CXX_LANGUAGE_STANDARD = "gnu++20";
				CLANG_ENABLE_MODULES = YES;
				CLANG_ENABLE_OBJC_ARC = YES;
				CLANG_ENABLE_OBJC_WEAK = YES;
				CLANG_WARN_BLOCK_CAPTURE_AUTORELEASING = YES;
				CLANG_WARN_BOOL_CONVERSION = YES;
				CLANG_WARN_COMMA = YES;
				CLANG_WARN_CONSTANT_CONVERSION = YES;
				CLANG_WARN_DEPRECATED_OBJC_IMPLEMENTATIONS = YES;
				CLANG_WARN_DIRECT_OBJC_ISA_USAGE = YES_ERROR;
				CLANG_WARN_DOCUMENTATION_COMMENTS = YES;
				CLANG_WARN_EMPTY_BODY = YES;
				CLANG_WARN_ENUM_CONVERSION = YES;
				CLANG_WARN_INFINITE_RECURSION = YES;
				CLANG_WARN_INT_CONVERSION = YES;
				CLANG_WARN_NON_LITERAL_NULL_CONVERSION = YES;
				CLANG_WARN_OBJC_IMPLICIT_RETAIN_SELF = YES;
				CLANG_WARN_OBJC_LITERAL_CONVERSION = YES;
				CLANG_WARN_OBJC_ROOT_CLASS = YES_ERROR;
				CLANG_WARN_QUOTED_INCLUDE_IN_FRAMEWORK_HEADER = YES;
				CLANG_WARN_RANGE_LOOP_ANALYSIS = YES;
				CLANG_WARN_STRICT_PROTOTYPES = YES;
				CLANG_WARN_SUSPICIOUS_MOVE = YES;
				CLANG_WARN_UNGUARDED_AVAILABILITY = YES_AGGRESSIVE;
				CLANG_WARN_UNREACHABLE_CODE = YES;
				CLANG_WARN__DUPLICATE_METHOD_MATCH = YES;
				COPY_PHASE_STRIP = NO;
				DEBUG_INFORMATION_FORMAT = "dwarf-with-dsym";
				ENABLE_NS_ASSERTIONS = NO;
				ENABLE_STRICT_OBJC_MSGSEND = YES;
				ENABLE_USER_SCRIPT_SANDBOXING = YES;
				GCC_C_LANGUAGE_STANDARD = gnu17;
				GCC_NO_COMMON_BLOCKS = YES;
				GCC_WARN_64_TO_32_BIT_CONVERSION = YES;
				GCC_WARN_ABOUT_RETURN_TYPE = YES_ERROR;
				GCC_WARN_UNDECLARED_SELECTOR = YES;
				GCC_WARN_UNINITIALIZED_AUTOS = YES_AGGRESSIVE;
				GCC_WARN_UNUSED_FUNCTION = YES;
				GCC_WARN_UNUSED_VARIABLE = YES;
				IPHONEOS_DEPLOYMENT_TARGET = 17.5;
				LOCALIZATION_PREFERS_STRING_CATALOGS = YES;
				MTL_ENABLE_DEBUG_INFO = NO;
				MTL_FAST_MATH = YES;
				SDKROOT = iphoneos;
				SWIFT_COMPILATION_MODE = wholemodule;
				VALIDATE_PRODUCT = YES;
			};
			name = Release;
		};
		11E7D1312C93A2B70021AC20 /* Debug */ = {
			isa = XCBuildConfiguration;
			buildSettings = {
				ASSETCATALOG_COMPILER_APPICON_NAME = AppIcon;
				ASSETCATALOG_COMPILER_GLOBAL_ACCENT_COLOR_NAME = AccentColor;
				CODE_SIGN_STYLE = Automatic;
				CURRENT_PROJECT_VERSION = 1;
				DEVELOPMENT_ASSET_PATHS = "\"TMI/Preview Content\"";
				DEVELOPMENT_TEAM = H3Z7K9ZZE8;
				ENABLE_PREVIEWS = YES;
				GENERATE_INFOPLIST_FILE = YES;
				INFOPLIST_KEY_UIApplicationSceneManifest_Generation = YES;
				INFOPLIST_KEY_UIApplicationSupportsIndirectInputEvents = YES;
				INFOPLIST_KEY_UILaunchScreen_Generation = YES;
				INFOPLIST_KEY_UISupportedInterfaceOrientations_iPad = "UIInterfaceOrientationPortrait UIInterfaceOrientationPortraitUpsideDown UIInterfaceOrientationLandscapeLeft UIInterfaceOrientationLandscapeRight";
				INFOPLIST_KEY_UISupportedInterfaceOrientations_iPhone = "UIInterfaceOrientationPortrait UIInterfaceOrientationLandscapeLeft UIInterfaceOrientationLandscapeRight";
				IPHONEOS_DEPLOYMENT_TARGET = 18.0;
				LD_RUNPATH_SEARCH_PATHS = (
					"$(inherited)",
					"@executable_path/Frameworks",
				);
				MARKETING_VERSION = 1.0;
				PRODUCT_BUNDLE_IDENTIFIER = ZLHN.TMI;
				PRODUCT_NAME = "$(TARGET_NAME)";
				SWIFT_EMIT_LOC_STRINGS = YES;
				SWIFT_VERSION = 5.0;
				TARGETED_DEVICE_FAMILY = "1,2";
			};
			name = Debug;
		};
		11E7D1322C93A2B70021AC20 /* Release */ = {
			isa = XCBuildConfiguration;
			buildSettings = {
				ASSETCATALOG_COMPILER_APPICON_NAME = AppIcon;
				ASSETCATALOG_COMPILER_GLOBAL_ACCENT_COLOR_NAME = AccentColor;
				CODE_SIGN_STYLE = Automatic;
				CURRENT_PROJECT_VERSION = 1;
				DEVELOPMENT_ASSET_PATHS = "\"TMI/Preview Content\"";
				DEVELOPMENT_TEAM = H3Z7K9ZZE8;
				ENABLE_PREVIEWS = YES;
				GENERATE_INFOPLIST_FILE = YES;
				INFOPLIST_KEY_UIApplicationSceneManifest_Generation = YES;
				INFOPLIST_KEY_UIApplicationSupportsIndirectInputEvents = YES;
				INFOPLIST_KEY_UILaunchScreen_Generation = YES;
				INFOPLIST_KEY_UISupportedInterfaceOrientations_iPad = "UIInterfaceOrientationPortrait UIInterfaceOrientationPortraitUpsideDown UIInterfaceOrientationLandscapeLeft UIInterfaceOrientationLandscapeRight";
				INFOPLIST_KEY_UISupportedInterfaceOrientations_iPhone = "UIInterfaceOrientationPortrait UIInterfaceOrientationLandscapeLeft UIInterfaceOrientationLandscapeRight";
				IPHONEOS_DEPLOYMENT_TARGET = 18.0;
				LD_RUNPATH_SEARCH_PATHS = (
					"$(inherited)",
					"@executable_path/Frameworks",
				);
				MARKETING_VERSION = 1.0;
				PRODUCT_BUNDLE_IDENTIFIER = ZLHN.TMI;
				PRODUCT_NAME = "$(TARGET_NAME)";
				SWIFT_EMIT_LOC_STRINGS = YES;
				SWIFT_VERSION = 5.0;
				TARGETED_DEVICE_FAMILY = "1,2";
			};
			name = Release;
		};
/* End XCBuildConfiguration section */

/* Begin XCConfigurationList section */
		11E7D11D2C93A2B60021AC20 /* Build configuration list for PBXProject "TMI" */ = {
			isa = XCConfigurationList;
			buildConfigurations = (
				11E7D12E2C93A2B70021AC20 /* Debug */,
				11E7D12F2C93A2B70021AC20 /* Release */,
			);
			defaultConfigurationIsVisible = 0;
			defaultConfigurationName = Release;
		};
		11E7D1302C93A2B70021AC20 /* Build configuration list for PBXNativeTarget "TMI" */ = {
			isa = XCConfigurationList;
			buildConfigurations = (
				11E7D1312C93A2B70021AC20 /* Debug */,
				11E7D1322C93A2B70021AC20 /* Release */,
			);
			defaultConfigurationIsVisible = 0;
			defaultConfigurationName = Release;
		};
/* End XCConfigurationList section */

/* Begin XCRemoteSwiftPackageReference section */
		1185DAD82C93A75C004616D5 /* XCRemoteSwiftPackageReference "firebase-ios-sdk" */ = {
			isa = XCRemoteSwiftPackageReference;
			repositoryURL = "https://github.com/firebase/firebase-ios-sdk";
			requirement = {
				kind = upToNextMajorVersion;
				minimumVersion = 11.2.0;
			};
		};
		1185DB082C93A7CC004616D5 /* XCRemoteSwiftPackageReference "SDWebImageSwiftUI" */ = {
			isa = XCRemoteSwiftPackageReference;
			repositoryURL = "https://github.com/SDWebImage/SDWebImageSwiftUI.git";
			requirement = {
				kind = upToNextMajorVersion;
				minimumVersion = 3.1.2;
			};
		};
		11C813C52DB57544005477FC /* XCRemoteSwiftPackageReference "SwiftSoup" */ = {
			isa = XCRemoteSwiftPackageReference;
			repositoryURL = "https://github.com/scinfu/SwiftSoup.git";
			requirement = {
				kind = upToNextMajorVersion;
				minimumVersion = 2.8.7;
			};
		};
/* End XCRemoteSwiftPackageReference section */

/* Begin XCSwiftPackageProductDependency section */
		1185DAD92C93A75C004616D5 /* FirebaseAnalytics */ = {
			isa = XCSwiftPackageProductDependency;
			package = 1185DAD82C93A75C004616D5 /* XCRemoteSwiftPackageReference "firebase-ios-sdk" */;
			productName = FirebaseAnalytics;
		};
		1185DADB2C93A75C004616D5 /* FirebaseAnalyticsOnDeviceConversion */ = {
			isa = XCSwiftPackageProductDependency;
			package = 1185DAD82C93A75C004616D5 /* XCRemoteSwiftPackageReference "firebase-ios-sdk" */;
			productName = FirebaseAnalyticsOnDeviceConversion;
		};
		1185DADD2C93A75C004616D5 /* FirebaseAnalyticsWithoutAdIdSupport */ = {
			isa = XCSwiftPackageProductDependency;
			package = 1185DAD82C93A75C004616D5 /* XCRemoteSwiftPackageReference "firebase-ios-sdk" */;
			productName = FirebaseAnalyticsWithoutAdIdSupport;
		};
		1185DADF2C93A75C004616D5 /* FirebaseAppCheck */ = {
			isa = XCSwiftPackageProductDependency;
			package = 1185DAD82C93A75C004616D5 /* XCRemoteSwiftPackageReference "firebase-ios-sdk" */;
			productName = FirebaseAppCheck;
		};
		1185DAE12C93A75C004616D5 /* FirebaseAppDistribution-Beta */ = {
			isa = XCSwiftPackageProductDependency;
			package = 1185DAD82C93A75C004616D5 /* XCRemoteSwiftPackageReference "firebase-ios-sdk" */;
			productName = "FirebaseAppDistribution-Beta";
		};
		1185DAE32C93A75C004616D5 /* FirebaseAuth */ = {
			isa = XCSwiftPackageProductDependency;
			package = 1185DAD82C93A75C004616D5 /* XCRemoteSwiftPackageReference "firebase-ios-sdk" */;
			productName = FirebaseAuth;
		};
		1185DAE52C93A75C004616D5 /* FirebaseAuthCombine-Community */ = {
			isa = XCSwiftPackageProductDependency;
			package = 1185DAD82C93A75C004616D5 /* XCRemoteSwiftPackageReference "firebase-ios-sdk" */;
			productName = "FirebaseAuthCombine-Community";
		};
		1185DAE72C93A75C004616D5 /* FirebaseCrashlytics */ = {
			isa = XCSwiftPackageProductDependency;
			package = 1185DAD82C93A75C004616D5 /* XCRemoteSwiftPackageReference "firebase-ios-sdk" */;
			productName = FirebaseCrashlytics;
		};
		1185DAE92C93A75C004616D5 /* FirebaseDatabase */ = {
			isa = XCSwiftPackageProductDependency;
			package = 1185DAD82C93A75C004616D5 /* XCRemoteSwiftPackageReference "firebase-ios-sdk" */;
			productName = FirebaseDatabase;
		};
		1185DAEB2C93A75C004616D5 /* FirebaseDynamicLinks */ = {
			isa = XCSwiftPackageProductDependency;
			package = 1185DAD82C93A75C004616D5 /* XCRemoteSwiftPackageReference "firebase-ios-sdk" */;
			productName = FirebaseDynamicLinks;
		};
		1185DAED2C93A75C004616D5 /* FirebaseFirestore */ = {
			isa = XCSwiftPackageProductDependency;
			package = 1185DAD82C93A75C004616D5 /* XCRemoteSwiftPackageReference "firebase-ios-sdk" */;
			productName = FirebaseFirestore;
		};
		1185DAEF2C93A75C004616D5 /* FirebaseFirestoreCombine-Community */ = {
			isa = XCSwiftPackageProductDependency;
			package = 1185DAD82C93A75C004616D5 /* XCRemoteSwiftPackageReference "firebase-ios-sdk" */;
			productName = "FirebaseFirestoreCombine-Community";
		};
		1185DAF12C93A75C004616D5 /* FirebaseFunctions */ = {
			isa = XCSwiftPackageProductDependency;
			package = 1185DAD82C93A75C004616D5 /* XCRemoteSwiftPackageReference "firebase-ios-sdk" */;
			productName = FirebaseFunctions;
		};
		1185DAF32C93A75C004616D5 /* FirebaseFunctionsCombine-Community */ = {
			isa = XCSwiftPackageProductDependency;
			package = 1185DAD82C93A75C004616D5 /* XCRemoteSwiftPackageReference "firebase-ios-sdk" */;
			productName = "FirebaseFunctionsCombine-Community";
		};
		1185DAF52C93A75C004616D5 /* FirebaseInAppMessaging-Beta */ = {
			isa = XCSwiftPackageProductDependency;
			package = 1185DAD82C93A75C004616D5 /* XCRemoteSwiftPackageReference "firebase-ios-sdk" */;
			productName = "FirebaseInAppMessaging-Beta";
		};
		1185DAF72C93A75C004616D5 /* FirebaseInstallations */ = {
			isa = XCSwiftPackageProductDependency;
			package = 1185DAD82C93A75C004616D5 /* XCRemoteSwiftPackageReference "firebase-ios-sdk" */;
			productName = FirebaseInstallations;
		};
		1185DAF92C93A75C004616D5 /* FirebaseMLModelDownloader */ = {
			isa = XCSwiftPackageProductDependency;
			package = 1185DAD82C93A75C004616D5 /* XCRemoteSwiftPackageReference "firebase-ios-sdk" */;
			productName = FirebaseMLModelDownloader;
		};
		1185DAFB2C93A75C004616D5 /* FirebaseMessaging */ = {
			isa = XCSwiftPackageProductDependency;
			package = 1185DAD82C93A75C004616D5 /* XCRemoteSwiftPackageReference "firebase-ios-sdk" */;
			productName = FirebaseMessaging;
		};
		1185DAFD2C93A75C004616D5 /* FirebasePerformance */ = {
			isa = XCSwiftPackageProductDependency;
			package = 1185DAD82C93A75C004616D5 /* XCRemoteSwiftPackageReference "firebase-ios-sdk" */;
			productName = FirebasePerformance;
		};
		1185DAFF2C93A75C004616D5 /* FirebaseRemoteConfig */ = {
			isa = XCSwiftPackageProductDependency;
			package = 1185DAD82C93A75C004616D5 /* XCRemoteSwiftPackageReference "firebase-ios-sdk" */;
			productName = FirebaseRemoteConfig;
		};
		1185DB012C93A75C004616D5 /* FirebaseStorage */ = {
			isa = XCSwiftPackageProductDependency;
			package = 1185DAD82C93A75C004616D5 /* XCRemoteSwiftPackageReference "firebase-ios-sdk" */;
			productName = FirebaseStorage;
		};
		1185DB032C93A75C004616D5 /* FirebaseStorageCombine-Community */ = {
			isa = XCSwiftPackageProductDependency;
			package = 1185DAD82C93A75C004616D5 /* XCRemoteSwiftPackageReference "firebase-ios-sdk" */;
			productName = "FirebaseStorageCombine-Community";
		};
		1185DB052C93A75C004616D5 /* FirebaseVertexAI-Preview */ = {
			isa = XCSwiftPackageProductDependency;
			package = 1185DAD82C93A75C004616D5 /* XCRemoteSwiftPackageReference "firebase-ios-sdk" */;
			productName = "FirebaseVertexAI-Preview";
		};
		1185DB092C93A7CC004616D5 /* SDWebImageSwiftUI */ = {
			isa = XCSwiftPackageProductDependency;
			package = 1185DB082C93A7CC004616D5 /* XCRemoteSwiftPackageReference "SDWebImageSwiftUI" */;
			productName = SDWebImageSwiftUI;
		};
		11C813C62DB57544005477FC /* SwiftSoup */ = {
			isa = XCSwiftPackageProductDependency;
			package = 11C813C52DB57544005477FC /* XCRemoteSwiftPackageReference "SwiftSoup" */;
			productName = SwiftSoup;
		};
/* End XCSwiftPackageProductDependency section */
	};
	rootObject = 11E7D11A2C93A2B60021AC20 /* Project object */;
}
